
Microsoft Visual Studio Solution File, Format Version 12.00
# Visual Studio Version 17
VisualStudioVersion = 17.7.34009.444
MinimumVisualStudioVersion = 10.0.40219.1
Project("{2150E333-8FDC-42A3-9474-1A3956D46DE8}") = "src", "src", "{241BFF2C-C39D-4261-A38B-57E3BADCCEF9}"
EndProject
Project("{9A19103F-16F7-4668-BE54-9A1E7A4F7556}") = "Domian", "Domian\Domian.csproj", "{C56FDB50-DD72-4837-9786-74784297B552}"
EndProject
Project("{9A19103F-16F7-4668-BE54-9A1E7A4F7556}") = "Application", "Application\Application.csproj", "{8D1D8D8E-CA23-4C46-A840-FCBFDEB8E441}"
EndProject
Project("{9A19103F-16F7-4668-BE54-9A1E7A4F7556}") = "Infrastructure", "Infrastructure\Infrastructure.csproj", "{787334D9-C663-4C21-86BE-A4ABC9D1398A}"
EndProject
Project("{9A19103F-16F7-4668-BE54-9A1E7A4F7556}") = "Presentation", "Presentation\Presentation.csproj", "{07FBD153-04FA-41CB-855B-4150262B1776}"
EndProject
Project("{2150E333-8FDC-42A3-9474-1A3956D46DE8}") = "Core", "Core", "{3585D08C-29F5-41D6-BF9D-4A730D2B7920}"
EndProject
Project("{2150E333-8FDC-42A3-9474-1A3956D46DE8}") = "External", "External", "{2C1DF2B0-3307-428B-BA58-1245F3DC8AF2}"
EndProject
Project("{2150E333-8FDC-42A3-9474-1A3956D46DE8}") = "test", "test", "{EB781FCD-8272-4F0F-A6B8-5FEA2EB446D0}"
EndProject
Project("{2150E333-8FDC-42A3-9474-1A3956D46DE8}") = "Api", "Api", "{EFD929CF-7EFB-4F2C-AEAB-60709ED3D5ED}"
EndProject
Project("{FAE04EC0-301F-11D3-BF4B-00C04F79EFBC}") = "ApplicationApi", "ApplicationApi\ApplicationApi.csproj", "{E7974AF5-EA09-4447-B450-9E60632FFEDF}"
EndProject
Global
	GlobalSection(SolutionConfigurationPlatforms) = preSolution
		Debug|Any CPU = Debug|Any CPU
		Release|Any CPU = Release|Any CPU
	EndGlobalSection
	GlobalSection(ProjectConfigurationPlatforms) = postSolution
		{C56FDB50-DD72-4837-9786-74784297B552}.Debug|Any CPU.ActiveCfg = Debug|Any CPU
		{C56FDB50-DD72-4837-9786-74784297B552}.Debug|Any CPU.Build.0 = Debug|Any CPU
		{C56FDB50-DD72-4837-9786-74784297B552}.Release|Any CPU.ActiveCfg = Release|Any CPU
		{C56FDB50-DD72-4837-9786-74784297B552}.Release|Any CPU.Build.0 = Release|Any CPU
		{8D1D8D8E-CA23-4C46-A840-FCBFDEB8E441}.Debug|Any CPU.ActiveCfg = Debug|Any CPU
		{8D1D8D8E-CA23-4C46-A840-FCBFDEB8E441}.Debug|Any CPU.Build.0 = Debug|Any CPU
		{8D1D8D8E-CA23-4C46-A840-FCBFDEB8E441}.Release|Any CPU.ActiveCfg = Release|Any CPU
		{8D1D8D8E-CA23-4C46-A840-FCBFDEB8E441}.Release|Any CPU.Build.0 = Release|Any CPU
		{787334D9-C663-4C21-86BE-A4ABC9D1398A}.Debug|Any CPU.ActiveCfg = Debug|Any CPU
		{787334D9-C663-4C21-86BE-A4ABC9D1398A}.Debug|Any CPU.Build.0 = Debug|Any CPU
		{787334D9-C663-4C21-86BE-A4ABC9D1398A}.Release|Any CPU.ActiveCfg = Release|Any CPU
		{787334D9-C663-4C21-86BE-A4ABC9D1398A}.Release|Any CPU.Build.0 = Release|Any CPU
		{07FBD153-04FA-41CB-855B-4150262B1776}.Debug|Any CPU.ActiveCfg = Debug|Any CPU
		{07FBD153-04FA-41CB-855B-4150262B1776}.Debug|Any CPU.Build.0 = Debug|Any CPU
		{07FBD153-04FA-41CB-855B-4150262B1776}.Release|Any CPU.ActiveCfg = Release|Any CPU
		{07FBD153-04FA-41CB-855B-4150262B1776}.Release|Any CPU.Build.0 = Release|Any CPU
		{E7974AF5-EA09-4447-B450-9E60632FFEDF}.Debug|Any CPU.ActiveCfg = Debug|Any CPU
		{E7974AF5-EA09-4447-B450-9E60632FFEDF}.Debug|Any CPU.Build.0 = Debug|Any CPU
		{E7974AF5-EA09-4447-B450-9E60632FFEDF}.Release|Any CPU.ActiveCfg = Release|Any CPU
		{E7974AF5-EA09-4447-B450-9E60632FFEDF}.Release|Any CPU.Build.0 = Release|Any CPU
	EndGlobalSection
	GlobalSection(SolutionProperties) = preSolution
		HideSolutionNode = FALSE
	EndGlobalSection
	GlobalSection(NestedProjects) = preSolution
		{C56FDB50-DD72-4837-9786-74784297B552} = {3585D08C-29F5-41D6-BF9D-4A730D2B7920}
		{8D1D8D8E-CA23-4C46-A840-FCBFDEB8E441} = {3585D08C-29F5-41D6-BF9D-4A730D2B7920}
		{787334D9-C663-4C21-86BE-A4ABC9D1398A} = {2C1DF2B0-3307-428B-BA58-1245F3DC8AF2}
		{07FBD153-04FA-41CB-855B-4150262B1776} = {2C1DF2B0-3307-428B-BA58-1245F3DC8AF2}
		{3585D08C-29F5-41D6-BF9D-4A730D2B7920} = {241BFF2C-C39D-4261-A38B-57E3BADCCEF9}
		{2C1DF2B0-3307-428B-BA58-1245F3DC8AF2} = {241BFF2C-C39D-4261-A38B-57E3BADCCEF9}
		{EFD929CF-7EFB-4F2C-AEAB-60709ED3D5ED} = {2C1DF2B0-3307-428B-BA58-1245F3DC8AF2}
		{E7974AF5-EA09-4447-B450-9E60632FFEDF} = {EFD929CF-7EFB-4F2C-AEAB-60709ED3D5ED}
	EndGlobalSection
	GlobalSection(ExtensibilityGlobals) = postSolution
		SolutionGuid = {D94B7C94-E9C5-4599-BD10-0B5A9F33BCB5}
	EndGlobalSection
EndGlobal
